// !$*UTF8*$!
{
	archiveVersion = 1;
	classes = {
	};
	objectVersion = 46;
	objects = {

/* Begin PBXBuildFile section */
		034B73041D6D71770054BD4F /* Mp3Lame.h in CopyFiles */ = {isa = PBXBuildFile; fileRef = 034B73031D6D71770054BD4F /* Mp3Lame.h */; };
		034B73061D6D71770054BD4F /* Mp3Lame.m in Sources */ = {isa = PBXBuildFile; fileRef = 034B73051D6D71770054BD4F /* Mp3Lame.m */; };
		034B730D1D6D71C00054BD4F /* libmp3lame.a in Frameworks */ = {isa = PBXBuildFile; fileRef = 034B730C1D6D71C00054BD4F /* libmp3lame.a */; };
/* End PBXBuildFile section */

/* Begin PBXCopyFilesBuildPhase section */
		034B72FE1D6D71770054BD4F /* CopyFiles */ = {
			isa = PBXCopyFilesBuildPhase;
			buildActionMask = 2147483647;
			dstPath = "include/$(PRODUCT_NAME)";
			dstSubfolderSpec = 16;
			files = (
				034B73041D6D71770054BD4F /* Mp3Lame.h in CopyFiles */,
			);
			runOnlyForDeploymentPostprocessing = 0;
		};
/* End PBXCopyFilesBuildPhase section */

/* Begin PBXFileReference section */
		034B73001D6D71770054BD4F /* libMp3Lame.a */ = {isa = PBXFileReference; explicitFileType = archive.ar; includeInIndex = 0; path = libMp3Lame.a; sourceTree = BUILT_PRODUCTS_DIR; };
		034B73031D6D71770054BD4F /* Mp3Lame.h */ = {isa = PBXFileReference; lastKnownFileType = sourcecode.c.h; path = Mp3Lame.h; sourceTree = "<group>"; };
		034B73051D6D71770054BD4F /* Mp3Lame.m */ = {isa = PBXFileReference; lastKnownFileType = sourcecode.c.objc; path = Mp3Lame.m; sourceTree = "<group>"; };
		034B730C1D6D71C00054BD4F /* libmp3lame.a */ = {isa = PBXFileReference; lastKnownFileType = archive.ar; path = libmp3lame.a; sourceTree = "<group>"; };
		034B730E1D6D71C40054BD4F /* lame.h */ = {isa = PBXFileReference; lastKnownFileType = sourcecode.c.h; path = lame.h; sourceTree = "<group>"; };
/* End PBXFileReference section */

/* Begin PBXFrameworksBuildPhase section */
		034B72FD1D6D71770054BD4F /* Frameworks */ = {
			isa = PBXFrameworksBuildPhase;
			buildActionMask = 2147483647;
			files = (
				034B730D1D6D71C00054BD4F /* libmp3lame.a in Frameworks */,
			);
			runOnlyForDeploymentPostprocessing = 0;
		};
/* End PBXFrameworksBuildPhase section */

/* Begin PBXGroup section */
		034B72F71D6D71770054BD4F = {
			isa = PBXGroup;
			children = (
				034B73021D6D71770054BD4F /* Mp3Lame */,
				034B73011D6D71770054BD4F /* Products */,
			);
			sourceTree = "<group>";
		};
		034B73011D6D71770054BD4F /* Products */ = {
			isa = PBXGroup;
			children = (
				034B73001D6D71770054BD4F /* libMp3Lame.a */,
			);
			name = Products;
			sourceTree = "<group>";
		};
		034B73021D6D71770054BD4F /* Mp3Lame */ = {
			isa = PBXGroup;
			children = (
				034B730C1D6D71C00054BD4F /* libmp3lame.a */,
				034B730E1D6D71C40054BD4F /* lame.h */,
				034B73031D6D71770054BD4F /* Mp3Lame.h */,
				034B73051D6D71770054BD4F /* Mp3Lame.m */,
			);
			path = Mp3Lame;
			sourceTree = "<group>";
		};
/* End PBXGroup section */

/* Begin PBXNativeTarget section */
		034B72FF1D6D71770054BD4F /* Mp3Lame */ = {
			isa = PBXNativeTarget;
			buildConfigurationList = 034B73091D6D71770054BD4F /* Build configuration list for PBXNativeTarget "Mp3Lame" */;
			buildPhases = (
				034B72FC1D6D71770054BD4F /* Sources */,
				034B72FD1D6D71770054BD4F /* Frameworks */,
				034B72FE1D6D71770054BD4F /* CopyFiles */,
			);
			buildRules = (
			);
			dependencies = (
			);
			name = Mp3Lame;
			productName = Mp3Lame2;
			productReference = 034B73001D6D71770054BD4F /* libMp3Lame.a */;
			productType = "com.apple.product-type.library.static";
		};
/* End PBXNativeTarget section */

/* Begin PBXProject section */
		034B72F81D6D71770054BD4F /* Project object */ = {
			isa = PBXProject;
			attributes = {
				LastUpgradeCheck = 0720;
				ORGANIZATIONNAME = haknode;
				TargetAttributes = {
					034B72FF1D6D71770054BD4F = {
						CreatedOnToolsVersion = 7.2.1;
					};
				};
			};
			buildConfigurationList = 034B72FB1D6D71770054BD4F /* Build configuration list for PBXProject "Mp3Lame" */;
			compatibilityVersion = "Xcode 3.2";
			developmentRegion = English;
			hasScannedForEncodings = 0;
			knownRegions = (
				en,
			);
			mainGroup = 034B72F71D6D71770054BD4F;
			productRefGroup = 034B73011D6D71770054BD4F /* Products */;
			projectDirPath = "";
			projectRoot = "";
			targets = (
				034B72FF1D6D71770054BD4F /* Mp3Lame */,
			);
		};
/* End PBXProject section */

/* Begin PBXSourcesBuildPhase section */
		034B72FC1D6D71770054BD4F /* Sources */ = {
			isa = PBXSourcesBuildPhase;
			buildActionMask = 2147483647;
			files = (
				034B73061D6D71770054BD4F /* Mp3Lame.m in Sources */,
			);
			runOnlyForDeploymentPostprocessing = 0;
		};
/* End PBXSourcesBuildPhase section */

/* Begin XCBuildConfiguration section */
		034B73071D6D71770054BD4F /* Debug */ = {
			isa = XCBuildConfiguration;
			buildSettings = {
				ALWAYS_SEARCH_USER_PATHS = NO;
				CLANG_CXX_LANGUAGE_STANDARD = "gnu++0x";
				CLANG_CXX_LIBRARY = "libc++";
				CLANG_ENABLE_MODULES = YES;
				CLANG_ENABLE_OBJC_ARC = YES;
				CLANG_WARN_BOOL_CONVERSION = YES;
				CLANG_WARN_CONSTANT_CONVERSION = YES;
				CLANG_WARN_DIRECT_OBJC_ISA_USAGE = YES_ERROR;
				CLANG_WARN_EMPTY_BODY = YES;
				CLANG_WARN_ENUM_CONVERSION = YES;
				CLANG_WARN_INT_CONVERSION = YES;
				CLANG_WARN_OBJC_ROOT_CLASS = YES_ERROR;
				CLANG_WARN_UNREACHABLE_CODE = YES;
				CLANG_WARN__DUPLICATE_METHOD_MATCH = YES;
				"CODE_SIGN_IDENTITY[sdk=iphoneos*]" = "iPhone Developer";
				COPY_PHASE_STRIP = NO;
				DEBUG_INFORMATION_FORMAT = dwarf;
				ENABLE_STRICT_OBJC_MSGSEND = YES;
				ENABLE_TESTABILITY = YES;
				GCC_C_LANGUAGE_STANDARD = gnu99;
				GCC_DYNAMIC_NO_PIC = NO;
				GCC_NO_COMMON_BLOCKS = YES;
				GCC_OPTIMIZATION_LEVEL = 0;
				GCC_PREPROCESSOR_DEFINITIONS = (
					"DEBUG=1",
					"$(inherited)",
				);
				GCC_WARN_64_TO_32_BIT_CONVERSION = YES;
				GCC_WARN_ABOUT_RETURN_TYPE = YES_ERROR;
				GCC_WARN_UNDECLARED_SELECTOR = YES;
				GCC_WARN_UNINITIALIZED_AUTOS = YES_AGGRESSIVE;
				GCC_WARN_UNUSED_FUNCTION = YES;
				GCC_WARN_UNUSED_VARIABLE = YES;
				IPHONEOS_DEPLOYMENT_TARGET = 9.2;
				MTL_ENABLE_DEBUG_INFO = YES;
				ONLY_ACTIVE_ARCH = YES;
				SDKROOT = iphoneos;
			};
			name = Debug;
		};
		034B73081D6D71770054BD4F /* Release */ = {
			isa = XCBuildConfiguration;
			buildSettings = {
				ALWAYS_SEARCH_USER_PATHS = NO;
				CLANG_CXX_LANGUAGE_STANDARD = "gnu++0x";
				CLANG_CXX_LIBRARY = "libc++";
				CLANG_ENABLE_MODULES = YES;
				CLANG_ENABLE_OBJC_ARC = YES;
				CLANG_WARN_BOOL_CONVERSION = YES;
				CLANG_WARN_CONSTANT_CONVERSION = YES;
				CLANG_WARN_DIRECT_OBJC_ISA_USAGE = YES_ERROR;
				CLANG_WARN_EMPTY_BODY = YES;
				CLANG_WARN_ENUM_CONVERSION = YES;
				CLANG_WARN_INT_CONVERSION = YES;
				CLANG_WARN_OBJC_ROOT_CLASS = YES_ERROR;
				CLANG_WARN_UNREACHABLE_CODE = YES;
				CLANG_WARN__DUPLICATE_METHOD_MATCH = YES;
				"CODE_SIGN_IDENTITY[sdk=iphoneos*]" = "iPhone Developer";
				COPY_PHASE_STRIP = NO;
				DEBUG_INFORMATION_FORMAT = "dwarf-with-dsym";
				ENABLE_NS_ASSERTIONS = NO;
				ENABLE_STRICT_OBJC_MSGSEND = YES;
				GCC_C_LANGUAGE_STANDARD = gnu99;
				GCC_NO_COMMON_BLOCKS = YES;
				GCC_WARN_64_TO_32_BIT_CONVERSION = YES;
				GCC_WARN_ABOUT_RETURN_TYPE = YES_ERROR;
				GCC_WARN_UNDECLARED_SELECTOR = YES;
				GCC_WARN_UNINITIALIZED_AUTOS = YES_AGGRESSIVE;
				GCC_WARN_UNUSED_FUNCTION = YES;
				GCC_WARN_UNUSED_VARIABLE = YES;
				IPHONEOS_DEPLOYMENT_TARGET = 9.2;
				MTL_ENABLE_DEBUG_INFO = NO;
				SDKROOT = iphoneos;
				VALIDATE_PRODUCT = YES;
			};
			name = Release;
		};
		034B730A1D6D71770054BD4F /* Debug */ = {
			isa = XCBuildConfiguration;
			buildSettings = {
				ARCHS = (
					"$(ARCHS_STANDARD)",
					armv7s,
				);
				LIBRARY_SEARCH_PATHS = (
					"$(inherited)",
					"$(PROJECT_DIR)/Mp3Lame",
				);
				OTHER_LDFLAGS = "-ObjC";
				PRODUCT_NAME = Mp3Lame;
				SKIP_INSTALL = YES;
			};
			name = Debug;
		};
		034B730B1D6D71770054BD4F /* Release */ = {
			isa = XCBuildConfiguration;
			buildSettings = {
				ARCHS = (
					"$(ARCHS_STANDARD)",
					armv7s,
				);
				LIBRARY_SEARCH_PATHS = (
					"$(inherited)",
					"$(PROJECT_DIR)/Mp3Lame",
				);
				OTHER_LDFLAGS = "-ObjC";
				PRODUCT_NAME = Mp3Lame;
				SKIP_INSTALL = YES;
			};
			name = Release;
		};
/* End XCBuildConfiguration section */

/* Begin XCConfigurationList section */
		034B72FB1D6D71770054BD4F /* Build configuration list for PBXProject "Mp3Lame" */ = {
			isa = XCConfigurationList;
			buildConfigurations = (
				034B73071D6D71770054BD4F /* Debug */,
				034B73081D6D71770054BD4F /* Release */,
			);
			defaultConfigurationIsVisible = 0;
			defaultConfigurationName = Release;
		};
		034B73091D6D71770054BD4F /* Build configuration list for PBXNativeTarget "Mp3Lame" */ = {
			isa = XCConfigurationList;
			buildConfigurations = (
				034B730A1D6D71770054BD4F /* Debug */,
				034B730B1D6D71770054BD4F /* Release */,
			);
			defaultConfigurationIsVisible = 0;
			defaultConfigurationName = Release;
		};
/* End XCConfigurationList section */
	};
	rootObject = 034B72F81D6D71770054BD4F /* Project object */;
}
